
Microsoft Visual Studio Solution File, Format Version 12.00
# Visual Studio Version 17
VisualStudioVersion = 17.9.34714.143
MinimumVisualStudioVersion = 10.0.40219.1
Project("{8BC9CEB8-8B4A-11D0-8D11-00A0C91BC942}") = "DebugPPL", "DebugPPL\DebugPPL.vcxproj", "{B2942A9F-4C4F-451A-93DA-39F37E01ECB6}"
EndProject
Project("{8BC9CEB8-8B4A-11D0-8D11-00A0C91BC942}") = "Demo", "Demo\Demo.vcxproj", "{0BF3F52F-7C46-4A55-89F3-1B113627DAFD}"
EndProject
Project("{8BC9CEB8-8B4A-11D0-8D11-00A0C91BC942}") = "Demo2", "Demo2\Demo2.vcxproj", "{CF5D0DEC-0DAE-4BCA-87D4-682861BA582B}"
EndProject
Global
	GlobalSection(SolutionConfigurationPlatforms) = preSolution
		Debug|ARM = Debug|ARM
		Debug|ARM64 = Debug|ARM64
		Debug|x64 = Debug|x64
		Debug|x86 = Debug|x86
		Release|ARM = Release|ARM
		Release|ARM64 = Release|ARM64
		Release|x64 = Release|x64
		Release|x86 = Release|x86
	EndGlobalSection
	GlobalSection(ProjectConfigurationPlatforms) = postSolution
		{B2942A9F-4C4F-451A-93DA-39F37E01ECB6}.Debug|ARM.ActiveCfg = Debug|ARM
		{B2942A9F-4C4F-451A-93DA-39F37E01ECB6}.Debug|ARM.Build.0 = Debug|ARM
		{B2942A9F-4C4F-451A-93DA-39F37E01ECB6}.Debug|ARM64.ActiveCfg = Debug|x64
		{B2942A9F-4C4F-451A-93DA-39F37E01ECB6}.Debug|ARM64.Build.0 = Debug|x64
		{B2942A9F-4C4F-451A-93DA-39F37E01ECB6}.Debug|x64.ActiveCfg = Debug|x64
		{B2942A9F-4C4F-451A-93DA-39F37E01ECB6}.Debug|x64.Build.0 = Debug|x64
		{B2942A9F-4C4F-451A-93DA-39F37E01ECB6}.Debug|x86.ActiveCfg = Debug|x64
		{B2942A9F-4C4F-451A-93DA-39F37E01ECB6}.Debug|x86.Build.0 = Debug|x64
		{B2942A9F-4C4F-451A-93DA-39F37E01ECB6}.Release|ARM.ActiveCfg = Release|ARM
		{B2942A9F-4C4F-451A-93DA-39F37E01ECB6}.Release|ARM.Build.0 = Release|ARM
		{B2942A9F-4C4F-451A-93DA-39F37E01ECB6}.Release|ARM64.ActiveCfg = Release|x64
		{B2942A9F-4C4F-451A-93DA-39F37E01ECB6}.Release|ARM64.Build.0 = Release|x64
		{B2942A9F-4C4F-451A-93DA-39F37E01ECB6}.Release|x64.ActiveCfg = Release|x64
		{B2942A9F-4C4F-451A-93DA-39F37E01ECB6}.Release|x64.Build.0 = Release|x64
		{B2942A9F-4C4F-451A-93DA-39F37E01ECB6}.Release|x86.ActiveCfg = Release|x64
		{B2942A9F-4C4F-451A-93DA-39F37E01ECB6}.Release|x86.Build.0 = Release|x64
		{0BF3F52F-7C46-4A55-89F3-1B113627DAFD}.Debug|ARM.ActiveCfg = Debug|ARM
		{0BF3F52F-7C46-4A55-89F3-1B113627DAFD}.Debug|ARM.Build.0 = Debug|ARM
		{0BF3F52F-7C46-4A55-89F3-1B113627DAFD}.Debug|ARM.Deploy.0 = Debug|ARM
		{0BF3F52F-7C46-4A55-89F3-1B113627DAFD}.Debug|ARM64.ActiveCfg = Debug|ARM64
		{0BF3F52F-7C46-4A55-89F3-1B113627DAFD}.Debug|ARM64.Build.0 = Debug|ARM64
		{0BF3F52F-7C46-4A55-89F3-1B113627DAFD}.Debug|ARM64.Deploy.0 = Debug|ARM64
		{0BF3F52F-7C46-4A55-89F3-1B113627DAFD}.Debug|x64.ActiveCfg = Debug|x64
		{0BF3F52F-7C46-4A55-89F3-1B113627DAFD}.Debug|x64.Build.0 = Debug|x64
		{0BF3F52F-7C46-4A55-89F3-1B113627DAFD}.Debug|x64.Deploy.0 = Debug|x64
		{0BF3F52F-7C46-4A55-89F3-1B113627DAFD}.Debug|x86.ActiveCfg = Debug|x86
		{0BF3F52F-7C46-4A55-89F3-1B113627DAFD}.Debug|x86.Build.0 = Debug|x86
		{0BF3F52F-7C46-4A55-89F3-1B113627DAFD}.Debug|x86.Deploy.0 = Debug|x86
		{0BF3F52F-7C46-4A55-89F3-1B113627DAFD}.Release|ARM.ActiveCfg = Release|ARM
		{0BF3F52F-7C46-4A55-89F3-1B113627DAFD}.Release|ARM.Build.0 = Release|ARM
		{0BF3F52F-7C46-4A55-89F3-1B113627DAFD}.Release|ARM.Deploy.0 = Release|ARM
		{0BF3F52F-7C46-4A55-89F3-1B113627DAFD}.Release|ARM64.ActiveCfg = Release|ARM64
		{0BF3F52F-7C46-4A55-89F3-1B113627DAFD}.Release|ARM64.Build.0 = Release|ARM64
		{0BF3F52F-7C46-4A55-89F3-1B113627DAFD}.Release|ARM64.Deploy.0 = Release|ARM64
		{0BF3F52F-7C46-4A55-89F3-1B113627DAFD}.Release|x64.ActiveCfg = Release|x64
		{0BF3F52F-7C46-4A55-89F3-1B113627DAFD}.Release|x64.Build.0 = Release|x64
		{0BF3F52F-7C46-4A55-89F3-1B113627DAFD}.Release|x64.Deploy.0 = Release|x64
		{0BF3F52F-7C46-4A55-89F3-1B113627DAFD}.Release|x86.ActiveCfg = Release|x86
		{0BF3F52F-7C46-4A55-89F3-1B113627DAFD}.Release|x86.Build.0 = Release|x86
		{0BF3F52F-7C46-4A55-89F3-1B113627DAFD}.Release|x86.Deploy.0 = Release|x86
		{CF5D0DEC-0DAE-4BCA-87D4-682861BA582B}.Debug|ARM.ActiveCfg = Debug|x64
		{CF5D0DEC-0DAE-4BCA-87D4-682861BA582B}.Debug|ARM.Build.0 = Debug|x64
		{CF5D0DEC-0DAE-4BCA-87D4-682861BA582B}.Debug|ARM64.ActiveCfg = Debug|x64
		{CF5D0DEC-0DAE-4BCA-87D4-682861BA582B}.Debug|ARM64.Build.0 = Debug|x64
		{CF5D0DEC-0DAE-4BCA-87D4-682861BA582B}.Debug|x64.ActiveCfg = Debug|x64
		{CF5D0DEC-0DAE-4BCA-87D4-682861BA582B}.Debug|x64.Build.0 = Debug|x64
		{CF5D0DEC-0DAE-4BCA-87D4-682861BA582B}.Debug|x86.ActiveCfg = Debug|Win32
		{CF5D0DEC-0DAE-4BCA-87D4-682861BA582B}.Debug|x86.Build.0 = Debug|Win32
		{CF5D0DEC-0DAE-4BCA-87D4-682861BA582B}.Release|ARM.ActiveCfg = Release|x64
		{CF5D0DEC-0DAE-4BCA-87D4-682861BA582B}.Release|ARM.Build.0 = Release|x64
		{CF5D0DEC-0DAE-4BCA-87D4-682861BA582B}.Release|ARM64.ActiveCfg = Release|x64
		{CF5D0DEC-0DAE-4BCA-87D4-682861BA582B}.Release|ARM64.Build.0 = Release|x64
		{CF5D0DEC-0DAE-4BCA-87D4-682861BA582B}.Release|x64.ActiveCfg = Release|x64
		{CF5D0DEC-0DAE-4BCA-87D4-682861BA582B}.Release|x64.Build.0 = Release|x64
		{CF5D0DEC-0DAE-4BCA-87D4-682861BA582B}.Release|x86.ActiveCfg = Release|Win32
		{CF5D0DEC-0DAE-4BCA-87D4-682861BA582B}.Release|x86.Build.0 = Release|Win32
	EndGlobalSection
	GlobalSection(SolutionProperties) = preSolution
		HideSolutionNode = FALSE
	EndGlobalSection
	GlobalSection(ExtensibilityGlobals) = postSolution
		SolutionGuid = {789E3F57-E601-4B1F-8950-FBA37DDA659A}
	EndGlobalSection
EndGlobal
